{
    "compile": {
        "com.jfrog.bintray.gradle:gradle-bintray-plugin": {
            "locked": "1.8.4",
            "requested": "latest.release"
        },
        "org.jfrog.buildinfo:build-info-extractor-gradle": {
            "locked": "4.8.1",
            "requested": "latest.release"
        }
    },
    "compileClasspath": {
        "com.jfrog.bintray.gradle:gradle-bintray-plugin": {
            "locked": "1.8.4",
            "requested": "latest.release"
        },
        "org.jfrog.buildinfo:build-info-extractor-gradle": {
            "locked": "4.8.1",
            "requested": "latest.release"
        }
    },
    "default": {
        "com.jfrog.bintray.gradle:gradle-bintray-plugin": {
            "locked": "1.8.4",
            "requested": "latest.release"
        },
        "org.jfrog.buildinfo:build-info-extractor-gradle": {
            "locked": "4.8.1",
            "requested": "latest.release"
        }
    },
    "integTestCompile": {
        "com.jfrog.bintray.gradle:gradle-bintray-plugin": {
            "locked": "1.8.4",
            "requested": "latest.release"
        },
        "com.netflix.nebula:nebula-test": {
            "locked": "7.1.4",
            "requested": "7.+"
        },
        "org.jfrog.buildinfo:build-info-extractor-gradle": {
            "locked": "4.8.1",
            "requested": "latest.release"
        }
    },
    "integTestCompileClasspath": {
        "com.jfrog.bintray.gradle:gradle-bintray-plugin": {
            "locked": "1.8.4",
            "requested": "latest.release"
        },
        "com.netflix.nebula:nebula-test": {
            "locked": "7.1.4",
            "requested": "7.+"
        },
        "org.jfrog.buildinfo:build-info-extractor-gradle": {
            "locked": "4.8.1",
            "requested": "latest.release"
        }
    },
    "integTestRuntime": {
        "com.jfrog.bintray.gradle:gradle-bintray-plugin": {
            "locked": "1.8.4",
            "requested": "latest.release"
        },
        "com.netflix.nebula:nebula-test": {
            "locked": "7.1.4",
            "requested": "7.+"
        },
        "org.jfrog.buildinfo:build-info-extractor-gradle": {
            "locked": "4.8.1",
            "requested": "latest.release"
        }
    },
    "integTestRuntimeClasspath": {
        "com.jfrog.bintray.gradle:gradle-bintray-plugin": {
            "locked": "1.8.4",
            "requested": "latest.release"
        },
        "com.netflix.nebula:nebula-test": {
            "locked": "7.1.4",
            "requested": "7.+"
        },
        "org.jfrog.buildinfo:build-info-extractor-gradle": {
            "locked": "4.8.1",
            "requested": "latest.release"
        }
    },
    "jacocoAgent": {
        "org.jacoco:org.jacoco.agent": {
            "locked": "0.8.2"
        }
    },
    "jacocoAnt": {
        "org.jacoco:org.jacoco.ant": {
            "locked": "0.8.2"
        }
    },
    "runtime": {
        "com.jfrog.bintray.gradle:gradle-bintray-plugin": {
            "locked": "1.8.4",
            "requested": "latest.release"
        },
        "org.jfrog.buildinfo:build-info-extractor-gradle": {
            "locked": "4.8.1",
            "requested": "latest.release"
        }
    },
    "runtimeClasspath": {
        "com.jfrog.bintray.gradle:gradle-bintray-plugin": {
            "locked": "1.8.4",
            "requested": "latest.release"
        },
        "org.jfrog.buildinfo:build-info-extractor-gradle": {
            "locked": "4.8.1",
            "requested": "latest.release"
        }
    },
    "testCompile": {
        "com.jfrog.bintray.gradle:gradle-bintray-plugin": {
            "locked": "1.8.4",
            "requested": "latest.release"
        },
        "com.netflix.nebula:nebula-test": {
            "locked": "7.1.4",
            "requested": "7.+"
        },
        "org.jfrog.buildinfo:build-info-extractor-gradle": {
            "locked": "4.8.1",
            "requested": "latest.release"
        }
    },
    "testCompileClasspath": {
        "com.jfrog.bintray.gradle:gradle-bintray-plugin": {
            "locked": "1.8.4",
            "requested": "latest.release"
        },
        "com.netflix.nebula:nebula-test": {
            "locked": "7.1.4",
            "requested": "7.+"
        },
        "org.jfrog.buildinfo:build-info-extractor-gradle": {
            "locked": "4.8.1",
            "requested": "latest.release"
        }
    },
    "testRuntime": {
        "com.jfrog.bintray.gradle:gradle-bintray-plugin": {
            "locked": "1.8.4",
            "requested": "latest.release"
        },
        "com.netflix.nebula:nebula-test": {
            "locked": "7.1.4",
            "requested": "7.+"
        },
        "org.jfrog.buildinfo:build-info-extractor-gradle": {
            "locked": "4.8.1",
            "requested": "latest.release"
        }
    },
    "testRuntimeClasspath": {
        "com.jfrog.bintray.gradle:gradle-bintray-plugin": {
            "locked": "1.8.4",
            "requested": "latest.release"
        },
        "com.netflix.nebula:nebula-test": {
            "locked": "7.1.4",
            "requested": "7.+"
        },
        "org.jfrog.buildinfo:build-info-extractor-gradle": {
            "locked": "4.8.1",
            "requested": "latest.release"
        }
    }
}