{
    "compile": {
        "com.jfrog.bintray.gradle:gradle-bintray-plugin": {
            "locked": "1.7.1",
            "requested": "1.7.1"
        },
        "org.jfrog.buildinfo:build-info-extractor-gradle": {
            "locked": "4.5.2",
            "requested": "latest.release"
        }
    },
    "compileClasspath": {
        "com.jfrog.bintray.gradle:gradle-bintray-plugin": {
            "locked": "1.7.1",
            "requested": "1.7.1"
        },
        "org.jfrog.buildinfo:build-info-extractor-gradle": {
            "locked": "4.5.2",
            "requested": "latest.release"
        }
    },
    "default": {
        "com.jfrog.bintray.gradle:gradle-bintray-plugin": {
            "locked": "1.7.1",
            "requested": "1.7.1"
        },
        "org.jfrog.buildinfo:build-info-extractor-gradle": {
            "locked": "4.5.2",
            "requested": "latest.release"
        }
    },
    "integTestCompile": {
        "com.jfrog.bintray.gradle:gradle-bintray-plugin": {
            "locked": "1.7.1",
            "requested": "1.7.1"
        },
        "com.netflix.nebula:nebula-test": {
            "locked": "6.1.2",
            "requested": "6.+"
        },
        "org.jfrog.buildinfo:build-info-extractor-gradle": {
            "locked": "4.5.2",
            "requested": "latest.release"
        }
    },
    "integTestCompileClasspath": {
        "com.jfrog.bintray.gradle:gradle-bintray-plugin": {
            "locked": "1.7.1",
            "requested": "1.7.1"
        },
        "com.netflix.nebula:nebula-test": {
            "locked": "6.1.2",
            "requested": "6.+"
        },
        "org.jfrog.buildinfo:build-info-extractor-gradle": {
            "locked": "4.5.2",
            "requested": "latest.release"
        }
    },
    "integTestRuntime": {
        "com.jfrog.bintray.gradle:gradle-bintray-plugin": {
            "locked": "1.7.1",
            "requested": "1.7.1"
        },
        "com.netflix.nebula:nebula-test": {
            "locked": "6.1.2",
            "requested": "6.+"
        },
        "org.jfrog.buildinfo:build-info-extractor-gradle": {
            "locked": "4.5.2",
            "requested": "latest.release"
        }
    },
    "integTestRuntimeClasspath": {
        "com.jfrog.bintray.gradle:gradle-bintray-plugin": {
            "locked": "1.7.1",
            "requested": "1.7.1"
        },
        "com.netflix.nebula:nebula-test": {
            "locked": "6.1.2",
            "requested": "6.+"
        },
        "org.jfrog.buildinfo:build-info-extractor-gradle": {
            "locked": "4.5.2",
            "requested": "latest.release"
        }
    },
    "jacocoAgent": {
        "org.jacoco:org.jacoco.agent": {
            "locked": "0.7.8"
        }
    },
    "jacocoAnt": {
        "org.jacoco:org.jacoco.ant": {
            "locked": "0.7.8"
        }
    },
    "runtime": {
        "com.jfrog.bintray.gradle:gradle-bintray-plugin": {
            "locked": "1.7.1",
            "requested": "1.7.1"
        },
        "org.jfrog.buildinfo:build-info-extractor-gradle": {
            "locked": "4.5.2",
            "requested": "latest.release"
        }
    },
    "runtimeClasspath": {
        "com.jfrog.bintray.gradle:gradle-bintray-plugin": {
            "locked": "1.7.1",
            "requested": "1.7.1"
        },
        "org.jfrog.buildinfo:build-info-extractor-gradle": {
            "locked": "4.5.2",
            "requested": "latest.release"
        }
    },
    "testCompile": {
        "com.jfrog.bintray.gradle:gradle-bintray-plugin": {
            "locked": "1.7.1",
            "requested": "1.7.1"
        },
        "com.netflix.nebula:nebula-test": {
            "locked": "6.1.2",
            "requested": "6.+"
        },
        "org.jfrog.buildinfo:build-info-extractor-gradle": {
            "locked": "4.5.2",
            "requested": "latest.release"
        }
    },
    "testCompileClasspath": {
        "com.jfrog.bintray.gradle:gradle-bintray-plugin": {
            "locked": "1.7.1",
            "requested": "1.7.1"
        },
        "com.netflix.nebula:nebula-test": {
            "locked": "6.1.2",
            "requested": "6.+"
        },
        "org.jfrog.buildinfo:build-info-extractor-gradle": {
            "locked": "4.5.2",
            "requested": "latest.release"
        }
    },
    "testRuntime": {
        "com.jfrog.bintray.gradle:gradle-bintray-plugin": {
            "locked": "1.7.1",
            "requested": "1.7.1"
        },
        "com.netflix.nebula:nebula-test": {
            "locked": "6.1.2",
            "requested": "6.+"
        },
        "org.jfrog.buildinfo:build-info-extractor-gradle": {
            "locked": "4.5.2",
            "requested": "latest.release"
        }
    },
    "testRuntimeClasspath": {
        "com.jfrog.bintray.gradle:gradle-bintray-plugin": {
            "locked": "1.7.1",
            "requested": "1.7.1"
        },
        "com.netflix.nebula:nebula-test": {
            "locked": "6.1.2",
            "requested": "6.+"
        },
        "org.jfrog.buildinfo:build-info-extractor-gradle": {
            "locked": "4.5.2",
            "requested": "latest.release"
        }
    }
}