{
    "compileClasspath": {
        "com.squareup.moshi:moshi-kotlin": {
            "locked": "1.8.0",
            "requested": "1.8.0"
        },
        "com.squareup.okhttp3:logging-interceptor": {
            "locked": "3.12.2",
            "requested": "3.12.2"
        },
        "com.squareup.retrofit2:converter-moshi": {
            "locked": "2.5.0",
            "requested": "2.5.0"
        },
        "com.squareup.retrofit2:retrofit": {
            "locked": "2.5.0",
            "requested": "2.5.0"
        },
        "org.jetbrains.kotlin:kotlin-reflect": {
            "locked": "1.3.21",
            "requested": "1.3.21"
        },
        "org.jetbrains.kotlin:kotlin-stdlib-jdk8": {
            "locked": "1.3.21",
            "requested": "1.3.21"
        }
    },
    "compileOnly": {
        "org.jetbrains.kotlin:kotlin-reflect": {
            "locked": "1.3.21",
            "requested": "1.3.21"
        },
        "org.jetbrains.kotlin:kotlin-stdlib-jdk8": {
            "locked": "1.3.21",
            "requested": "1.3.21"
        }
    },
    "compileOnlyDependenciesMetadata": {
        "org.jetbrains.kotlin:kotlin-reflect": {
            "locked": "1.3.21",
            "requested": "1.3.21"
        },
        "org.jetbrains.kotlin:kotlin-stdlib-jdk8": {
            "locked": "1.3.21",
            "requested": "1.3.21"
        }
    },
    "default": {
        "com.squareup.moshi:moshi-kotlin": {
            "locked": "1.8.0",
            "requested": "1.8.0"
        },
        "com.squareup.okhttp3:logging-interceptor": {
            "locked": "3.12.2",
            "requested": "3.12.2"
        },
        "com.squareup.retrofit2:converter-moshi": {
            "locked": "2.5.0",
            "requested": "2.5.0"
        },
        "com.squareup.retrofit2:retrofit": {
            "locked": "2.5.0",
            "requested": "2.5.0"
        }
    },
    "embeddedKotlin": {
        "org.jetbrains.kotlin:kotlin-reflect": {
            "locked": "1.3.21",
            "requested": "1.3.21"
        },
        "org.jetbrains.kotlin:kotlin-stdlib-jdk8": {
            "locked": "1.3.21",
            "requested": "1.3.21"
        }
    },
    "implementationDependenciesMetadata": {
        "com.squareup.moshi:moshi-kotlin": {
            "locked": "1.8.0",
            "requested": "1.8.0"
        },
        "com.squareup.okhttp3:logging-interceptor": {
            "locked": "3.12.2",
            "requested": "3.12.2"
        },
        "com.squareup.retrofit2:converter-moshi": {
            "locked": "2.5.0",
            "requested": "2.5.0"
        },
        "com.squareup.retrofit2:retrofit": {
            "locked": "2.5.0",
            "requested": "2.5.0"
        }
    },
    "integTestApiDependenciesMetadata": {
        "com.netflix.nebula:nebula-test": {
            "locked": "7.2.1",
            "requested": "7.+"
        }
    },
    "integTestCompile": {
        "com.netflix.nebula:nebula-test": {
            "locked": "7.2.1",
            "requested": "7.+"
        }
    },
    "integTestCompileClasspath": {
        "com.github.tomakehurst:wiremock": {
            "locked": "2.22.0",
            "requested": "2.22.0"
        },
        "com.netflix.nebula:nebula-test": {
            "locked": "7.2.1",
            "requested": "7.+"
        },
        "com.squareup.moshi:moshi-kotlin": {
            "locked": "1.8.0",
            "requested": "1.8.0"
        },
        "com.squareup.okhttp3:logging-interceptor": {
            "locked": "3.12.2",
            "requested": "3.12.2"
        },
        "com.squareup.retrofit2:converter-moshi": {
            "locked": "2.5.0",
            "requested": "2.5.0"
        },
        "com.squareup.retrofit2:retrofit": {
            "locked": "2.5.0",
            "requested": "2.5.0"
        },
        "org.jetbrains.kotlin:kotlin-reflect": {
            "locked": "1.3.21",
            "requested": "1.3.21"
        },
        "org.jetbrains.kotlin:kotlin-stdlib-jdk8": {
            "locked": "1.3.21",
            "requested": "1.3.21"
        }
    },
    "integTestImplementationDependenciesMetadata": {
        "com.github.tomakehurst:wiremock": {
            "locked": "2.22.0",
            "requested": "2.22.0"
        },
        "com.netflix.nebula:nebula-test": {
            "locked": "7.2.1",
            "requested": "7.+"
        },
        "com.squareup.moshi:moshi-kotlin": {
            "locked": "1.8.0",
            "requested": "1.8.0"
        },
        "com.squareup.okhttp3:logging-interceptor": {
            "locked": "3.12.2",
            "requested": "3.12.2"
        },
        "com.squareup.retrofit2:converter-moshi": {
            "locked": "2.5.0",
            "requested": "2.5.0"
        },
        "com.squareup.retrofit2:retrofit": {
            "locked": "2.5.0",
            "requested": "2.5.0"
        },
        "org.jetbrains.kotlin:kotlin-reflect": {
            "locked": "1.3.21",
            "requested": "1.3.21"
        },
        "org.jetbrains.kotlin:kotlin-stdlib-jdk8": {
            "locked": "1.3.21",
            "requested": "1.3.21"
        }
    },
    "integTestRuntime": {
        "com.netflix.nebula:nebula-test": {
            "locked": "7.2.1",
            "requested": "7.+"
        }
    },
    "integTestRuntimeClasspath": {
        "com.github.tomakehurst:wiremock": {
            "locked": "2.22.0",
            "requested": "2.22.0"
        },
        "com.netflix.nebula:nebula-test": {
            "locked": "7.2.1",
            "requested": "7.+"
        },
        "com.squareup.moshi:moshi-kotlin": {
            "locked": "1.8.0",
            "requested": "1.8.0"
        },
        "com.squareup.okhttp3:logging-interceptor": {
            "locked": "3.12.2",
            "requested": "3.12.2"
        },
        "com.squareup.retrofit2:converter-moshi": {
            "locked": "2.5.0",
            "requested": "2.5.0"
        },
        "com.squareup.retrofit2:retrofit": {
            "locked": "2.5.0",
            "requested": "2.5.0"
        },
        "org.jetbrains.kotlin:kotlin-reflect": {
            "locked": "1.3.21",
            "requested": "1.3.21"
        },
        "org.jetbrains.kotlin:kotlin-stdlib-jdk8": {
            "locked": "1.3.21",
            "requested": "1.3.21"
        }
    },
    "jacocoAgent": {
        "org.jacoco:org.jacoco.agent": {
            "locked": "0.8.3"
        }
    },
    "jacocoAnt": {
        "org.jacoco:org.jacoco.ant": {
            "locked": "0.8.3"
        }
    },
    "kotlinCompilerClasspath": {
        "org.jetbrains.kotlin:kotlin-compiler-embeddable": {
            "locked": "1.3.21"
        }
    },
    "kotlinCompilerPluginClasspath": {
        "org.jetbrains.kotlin:kotlin-sam-with-receiver": {
            "locked": "1.3.21",
            "requested": "1.3.21"
        },
        "org.jetbrains.kotlin:kotlin-scripting-compiler-embeddable": {
            "locked": "1.3.21",
            "requested": "1.3.21"
        }
    },
    "runtimeClasspath": {
        "com.squareup.moshi:moshi-kotlin": {
            "locked": "1.8.0",
            "requested": "1.8.0"
        },
        "com.squareup.okhttp3:logging-interceptor": {
            "locked": "3.12.2",
            "requested": "3.12.2"
        },
        "com.squareup.retrofit2:converter-moshi": {
            "locked": "2.5.0",
            "requested": "2.5.0"
        },
        "com.squareup.retrofit2:retrofit": {
            "locked": "2.5.0",
            "requested": "2.5.0"
        }
    },
    "testApiDependenciesMetadata": {
        "com.netflix.nebula:nebula-test": {
            "locked": "7.2.1",
            "requested": "7.+"
        }
    },
    "testCompile": {
        "com.netflix.nebula:nebula-test": {
            "locked": "7.2.1",
            "requested": "7.+"
        }
    },
    "testCompileClasspath": {
        "com.github.tomakehurst:wiremock": {
            "locked": "2.22.0",
            "requested": "2.22.0"
        },
        "com.netflix.nebula:nebula-test": {
            "locked": "7.2.1",
            "requested": "7.+"
        },
        "com.squareup.moshi:moshi-kotlin": {
            "locked": "1.8.0",
            "requested": "1.8.0"
        },
        "com.squareup.okhttp3:logging-interceptor": {
            "locked": "3.12.2",
            "requested": "3.12.2"
        },
        "com.squareup.retrofit2:converter-moshi": {
            "locked": "2.5.0",
            "requested": "2.5.0"
        },
        "com.squareup.retrofit2:retrofit": {
            "locked": "2.5.0",
            "requested": "2.5.0"
        },
        "org.jetbrains.kotlin:kotlin-reflect": {
            "locked": "1.3.21",
            "requested": "1.3.21"
        },
        "org.jetbrains.kotlin:kotlin-stdlib-jdk8": {
            "locked": "1.3.21",
            "requested": "1.3.21"
        }
    },
    "testImplementationDependenciesMetadata": {
        "com.github.tomakehurst:wiremock": {
            "locked": "2.22.0",
            "requested": "2.22.0"
        },
        "com.netflix.nebula:nebula-test": {
            "locked": "7.2.1",
            "requested": "7.+"
        },
        "com.squareup.moshi:moshi-kotlin": {
            "locked": "1.8.0",
            "requested": "1.8.0"
        },
        "com.squareup.okhttp3:logging-interceptor": {
            "locked": "3.12.2",
            "requested": "3.12.2"
        },
        "com.squareup.retrofit2:converter-moshi": {
            "locked": "2.5.0",
            "requested": "2.5.0"
        },
        "com.squareup.retrofit2:retrofit": {
            "locked": "2.5.0",
            "requested": "2.5.0"
        },
        "org.jetbrains.kotlin:kotlin-reflect": {
            "locked": "1.3.21",
            "requested": "1.3.21"
        },
        "org.jetbrains.kotlin:kotlin-stdlib-jdk8": {
            "locked": "1.3.21",
            "requested": "1.3.21"
        }
    },
    "testRuntime": {
        "com.netflix.nebula:nebula-test": {
            "locked": "7.2.1",
            "requested": "7.+"
        }
    },
    "testRuntimeClasspath": {
        "com.github.tomakehurst:wiremock": {
            "locked": "2.22.0",
            "requested": "2.22.0"
        },
        "com.netflix.nebula:nebula-test": {
            "locked": "7.2.1",
            "requested": "7.+"
        },
        "com.squareup.moshi:moshi-kotlin": {
            "locked": "1.8.0",
            "requested": "1.8.0"
        },
        "com.squareup.okhttp3:logging-interceptor": {
            "locked": "3.12.2",
            "requested": "3.12.2"
        },
        "com.squareup.retrofit2:converter-moshi": {
            "locked": "2.5.0",
            "requested": "2.5.0"
        },
        "com.squareup.retrofit2:retrofit": {
            "locked": "2.5.0",
            "requested": "2.5.0"
        },
        "org.jetbrains.kotlin:kotlin-reflect": {
            "locked": "1.3.21",
            "requested": "1.3.21"
        },
        "org.jetbrains.kotlin:kotlin-stdlib-jdk8": {
            "locked": "1.3.21",
            "requested": "1.3.21"
        }
    }
}